{
  "version": 4,
  "terraform_version": "1.5.7",
  "serial": 3,
  "lineage": "19e684c5-6ba0-bff4-8474-85c1311f99e4",
  "outputs": {
    "external_ip": {
      "value": "34.26.172.220",
      "type": "string"
    },
    "instance_name": {
      "value": "vm-blog",
      "type": "string"
    },
    "vm_ip": {
      "value": "34.26.172.220",
      "type": "string"
    }
  },
  "resources": [
    {
      "mode": "managed",
      "type": "google_compute_instance",
      "name": "vm_blog",
      "provider": "provider[\"registry.terraform.io/hashicorp/google\"]",
      "instances": [
        {
          "schema_version": 6,
          "attributes": {
            "advanced_machine_features": [],
            "allow_stopping_for_update": null,
            "attached_disk": [],
            "boot_disk": [
              {
                "auto_delete": true,
                "device_name": "persistent-disk-0",
                "disk_encryption_key_raw": "",
                "disk_encryption_key_rsa": "",
                "disk_encryption_key_sha256": "",
                "disk_encryption_service_account": "",
                "force_attach": false,
                "guest_os_features": [
                  "UEFI_COMPATIBLE",
                  "VIRTIO_SCSI_MULTIQUEUE",
                  "GVNIC",
                  "SEV_CAPABLE",
                  "SEV_LIVE_MIGRATABLE_V2"
                ],
                "initialize_params": [
                  {
                    "architecture": "X86_64",
                    "enable_confidential_compute": false,
                    "image": "https://www.googleapis.com/compute/v1/projects/debian-cloud/global/images/debian-12-bookworm-v20251014",
                    "labels": {},
                    "provisioned_iops": 0,
                    "provisioned_throughput": 0,
                    "resource_manager_tags": null,
                    "resource_policies": [],
                    "size": 30,
                    "snapshot": "",
                    "source_image_encryption_key": [],
                    "source_snapshot_encryption_key": [],
                    "storage_pool": "",
                    "type": "pd-standard"
                  }
                ],
                "interface": "",
                "kms_key_self_link": "",
                "mode": "READ_WRITE",
                "source": "https://www.googleapis.com/compute/v1/projects/blog-flask-oneit/zones/us-east1-b/disks/vm-blog"
              }
            ],
            "can_ip_forward": false,
            "confidential_instance_config": [],
            "cpu_platform": "Intel Broadwell",
            "creation_timestamp": "2025-10-27T10:37:18.468-07:00",
            "current_status": "RUNNING",
            "deletion_protection": false,
            "description": "",
            "desired_status": null,
            "effective_labels": {
              "goog-terraform-provisioned": "true"
            },
            "enable_display": false,
            "guest_accelerator": [],
            "hostname": "",
            "id": "projects/blog-flask-oneit/zones/us-east1-b/instances/vm-blog",
            "instance_encryption_key": [],
            "instance_id": "4708245278666396450",
            "key_revocation_action_type": "",
            "label_fingerprint": "vezUS-42LLM=",
            "labels": null,
            "machine_type": "e2-micro",
            "metadata": {
              "ssh-keys": "gcpuser:ssh-rsa AAAAB3NzaC1yc2EAAAADAQABAAACAQCMiF0Xqodumv1woZXZIKEWpH02Q5X6xx6PFUdiek4CE1z6YmcPwLCl1HtX0X8zX8Agot6BlUWJZ3mKXhZPuPiLuDCBH/8KRjftKpryspARuJZGzkeAm8klPkCehsk6bKjiSNkaYKmFUvPpnxWknH0IPzYbDDyvxok507RRwngeYvYD1ZiHYTLQ8HZb5VsaE0B4EAkPp3CG3j9bmRIVmJIZQs753SjBSp36H4yscv6r7noQH5oTnHDM+9oEF4FaN1BbMfEU1cQXbj3GpSyzEkmWV32KGun6y66JAEwa9Bi8wzdmrZotJy91SGvcXftjX6/ni24DZBl9GLeD/kQpBRoKhLyfzh26zVcKwOt/+/RV6ytE0BXG0mZ9hH7VnJ05+8clsaoqsCpA1tpX37H5aQaDgVPpmsvphHv2fdKOTsqfXm2yx+c3QisVIPaNngJ7AqkNXBAgAANczhnTaxiTR35+BKMI/BsrfWVJZTLrBYXZcfY0SKqvCByVDmkES6Ser+fI6QQyf4rcFjecuhMcjgpRs1nwGUWNto1d8HAA+1HHgOs+31s8isRydCgZUGQgp2Yr43XYuIr/rg6XyfgOmMdS23PJ7XWvBYwuoE7rP8s79c2USnFNQ3T7RyZYcaL0OD8MH1B+NubR6BkqMLZMS/dmrWVv52rZNDJhBRuv+jSGSQ== gcpuser\n"
            },
            "metadata_fingerprint": "7YZHuCRi1MI=",
            "metadata_startup_script": null,
            "min_cpu_platform": "",
            "name": "vm-blog",
            "network_interface": [
              {
                "access_config": [
                  {
                    "nat_ip": "34.26.172.220",
                    "network_tier": "PREMIUM",
                    "public_ptr_domain_name": ""
                  }
                ],
                "alias_ip_range": [],
                "internal_ipv6_prefix_length": 0,
                "ipv6_access_config": [],
                "ipv6_access_type": "",
                "ipv6_address": "",
                "name": "nic0",
                "network": "https://www.googleapis.com/compute/v1/projects/blog-flask-oneit/global/networks/default",
                "network_attachment": "",
                "network_ip": "10.142.0.2",
                "nic_type": "",
                "queue_count": 0,
                "stack_type": "IPV4_ONLY",
                "subnetwork": "https://www.googleapis.com/compute/v1/projects/blog-flask-oneit/regions/us-east1/subnetworks/default",
                "subnetwork_project": "blog-flask-oneit"
              }
            ],
            "network_performance_config": [],
            "params": [],
            "project": "blog-flask-oneit",
            "reservation_affinity": [],
            "resource_policies": null,
            "scheduling": [
              {
                "automatic_restart": true,
                "availability_domain": 0,
                "instance_termination_action": "",
                "local_ssd_recovery_timeout": [],
                "max_run_duration": [],
                "min_node_cpus": 0,
                "node_affinities": [],
                "on_host_maintenance": "MIGRATE",
                "on_instance_stop_action": [],
                "preemptible": false,
                "provisioning_model": "STANDARD",
                "termination_time": ""
              }
            ],
            "scratch_disk": [],
            "self_link": "https://www.googleapis.com/compute/v1/projects/blog-flask-oneit/zones/us-east1-b/instances/vm-blog",
            "service_account": [],
            "shielded_instance_config": [
              {
                "enable_integrity_monitoring": true,
                "enable_secure_boot": false,
                "enable_vtpm": true
              }
            ],
            "tags": [
              "blog-server"
            ],
            "tags_fingerprint": "_JLQ42-Ecg8=",
            "terraform_labels": {
              "goog-terraform-provisioned": "true"
            },
            "timeouts": null,
            "zone": "us-east1-b"
          },
          "sensitive_attributes": [],
          "private": "eyJlMmJmYjczMC1lY2FhLTExZTYtOGY4OC0zNDM2M2JjN2M0YzAiOnsiY3JlYXRlIjoxMjAwMDAwMDAwMDAwLCJkZWxldGUiOjEyMDAwMDAwMDAwMDAsInVwZGF0ZSI6MTIwMDAwMDAwMDAwMH0sInNjaGVtYV92ZXJzaW9uIjoiNiJ9"
        }
      ]
    }
  ],
  "check_results": null
}
